
Microsoft Visual Studio Solution File, Format Version 12.00
# Visual Studio Version 17
VisualStudioVersion = 17.3.32922.545
MinimumVisualStudioVersion = 10.0.40219.1
Project("{FAE04EC0-301F-11D3-BF4B-00C04F79EFBC}") = "FlatUI_TestPlatform", "FlatUI_TestPlatform.csproj", "{574F1428-15FA-479A-839E-694EF5F677EE}"
EndProject
Global
	GlobalSection(SolutionConfigurationPlatforms) = preSolution
		Debug|Any CPU = Debug|Any CPU
		Release|Any CPU = Release|Any CPU
	EndGlobalSection
	GlobalSection(ProjectConfigurationPlatforms) = postSolution
		{574F1428-15FA-479A-839E-694EF5F677EE}.Debug|Any CPU.ActiveCfg = Debug|Any CPU
		{574F1428-15FA-479A-839E-694EF5F677EE}.Debug|Any CPU.Build.0 = Debug|Any CPU
		{574F1428-15FA-479A-839E-694EF5F677EE}.Release|Any CPU.ActiveCfg = Release|Any CPU
		{574F1428-15FA-479A-839E-694EF5F677EE}.Release|Any CPU.Build.0 = Release|Any CPU
	EndGlobalSection
	GlobalSection(SolutionProperties) = preSolution
		HideSolutionNode = FALSE
	EndGlobalSection
	GlobalSection(ExtensibilityGlobals) = postSolution
		SolutionGuid = {48DBAC82-499E-45E6-AD5C-B2E64BAB82F6}
	EndGlobalSection
EndGlobal
